
Microsoft Visual Studio Solution File, Format Version 12.00
# Visual Studio Version 17
VisualStudioVersion = 17.0.31903.59
MinimumVisualStudioVersion = 10.0.40219.1
Project("{FAE04EC0-301F-11D3-BF4B-00C04F79EFBC}") = "MonoGame", "MonoGame\MonoGame.csproj", "{F20FEAD7-A34F-4217-864E-3CB90D611127}"
EndProject
Project("{FAE04EC0-301F-11D3-BF4B-00C04F79EFBC}") = "MonoGameLibary", "MonoGameLibary\MonoGameLibary.csproj", "{FF3D259E-0D3A-4826-A7DD-D5FC7E5E2642}"
EndProject
Global
	GlobalSection(SolutionConfigurationPlatforms) = preSolution
		Debug|Any CPU = Debug|Any CPU
		Release|Any CPU = Release|Any CPU
	EndGlobalSection
	GlobalSection(SolutionProperties) = preSolution
		HideSolutionNode = FALSE
	EndGlobalSection
	GlobalSection(ProjectConfigurationPlatforms) = postSolution
		{F20FEAD7-A34F-4217-864E-3CB90D611127}.Debug|Any CPU.ActiveCfg = Debug|Any CPU
		{F20FEAD7-A34F-4217-864E-3CB90D611127}.Debug|Any CPU.Build.0 = Debug|Any CPU
		{F20FEAD7-A34F-4217-864E-3CB90D611127}.Release|Any CPU.ActiveCfg = Release|Any CPU
		{F20FEAD7-A34F-4217-864E-3CB90D611127}.Release|Any CPU.Build.0 = Release|Any CPU
		{FF3D259E-0D3A-4826-A7DD-D5FC7E5E2642}.Debug|Any CPU.ActiveCfg = Debug|Any CPU
		{FF3D259E-0D3A-4826-A7DD-D5FC7E5E2642}.Debug|Any CPU.Build.0 = Debug|Any CPU
		{FF3D259E-0D3A-4826-A7DD-D5FC7E5E2642}.Release|Any CPU.ActiveCfg = Release|Any CPU
		{FF3D259E-0D3A-4826-A7DD-D5FC7E5E2642}.Release|Any CPU.Build.0 = Release|Any CPU
	EndGlobalSection
EndGlobal
